{
  "lockfileVersion": 1,
  "workspaces": {
    "": {
      "name": "@your-scope/native-code",
      "devDependencies": {
        "@types/bun": "^1.2.18",
        "@types/node": "^24.0.10",
        "bun-dts": "^0.1.70",
        "node-addon-api": "^4.3.0",
        "prebuildify": "^6.0.0",
      },
    },
  },
  "packages": {
    "@babel/helper-string-parser": ["@babel/helper-string-parser@7.27.1", "", {}, "sha512-qMlSxKbpRlAridDExk92nSobyDdpPijUq2DW6oDnUqd0iOGxmQjyqhMIihI9+zv4LPyZdRje2cavWPbCbWm3eA=="],

    "@babel/helper-validator-identifier": ["@babel/helper-validator-identifier@7.27.1", "", {}, "sha512-D2hP9eA+Sqx1kBZgzxZh0y1trbuU+JoDkiEwqhQ36nodYqJwyEIhPSdMNd7lOm/4io72luTPWH20Yda0xOuUow=="],

    "@babel/parser": ["@babel/parser@7.28.0", "", { "dependencies": { "@babel/types": "^7.28.0" }, "bin": "./bin/babel-parser.js" }, "sha512-jVZGvOxOuNSsuQuLRTh13nU0AogFlw32w/MT+LV6D3sP5WdbW61E77RnkbaO2dUvmPAYrBDJXGn5gGS6tH4j8g=="],

    "@babel/types": ["@babel/types@7.28.0", "", { "dependencies": { "@babel/helper-string-parser": "^7.27.1", "@babel/helper-validator-identifier": "^7.27.1" } }, "sha512-jYnje+JyZG5YThjHiF28oT4SIZLnYOcSBb6+SDaFIyzDVSkXQmQQYclJ2R+YxcdmK0AX6x1E5OQNtuh3jHDrUg=="],

    "@emnapi/core": ["@emnapi/core@1.4.4", "", { "dependencies": { "@emnapi/wasi-threads": "1.0.3", "tslib": "^2.4.0" } }, "sha512-A9CnAbC6ARNMKcIcrQwq6HeHCjpcBZ5wSx4U01WXCqEKlrzB9F9315WDNHkrs2xbx7YjjSxbUYxuN6EQzpcY2g=="],

    "@emnapi/runtime": ["@emnapi/runtime@1.4.4", "", { "dependencies": { "tslib": "^2.4.0" } }, "sha512-hHyapA4A3gPaDCNfiqyZUStTMqIkKRshqPIuDOXv1hcBnD4U3l8cP0T1HMCfGRxQ6V64TGCcoswChANyOAwbQg=="],

    "@emnapi/wasi-threads": ["@emnapi/wasi-threads@1.0.3", "", { "dependencies": { "tslib": "^2.4.0" } }, "sha512-8K5IFFsQqF9wQNJptGbS6FNKgUTsSRYnTqNCG1vPP8jFdjSv18n2mQfJpkt2Oibo9iBEzcDnDxNwKTzC7svlJw=="],

    "@napi-rs/wasm-runtime": ["@napi-rs/wasm-runtime@0.2.11", "", { "dependencies": { "@emnapi/core": "^1.4.3", "@emnapi/runtime": "^1.4.3", "@tybys/wasm-util": "^0.9.0" } }, "sha512-9DPkXtvHydrcOsopiYpUgPHpmj0HWZKMUnL2dZqpvC42lsratuBG06V5ipyno0fUek5VlFsNQ+AcFATSrJXgMA=="],

    "@oxc-resolver/binding-darwin-arm64": ["@oxc-resolver/binding-darwin-arm64@8.0.0", "", { "os": "darwin", "cpu": "arm64" }, "sha512-rfoeXQgvZREwcGJd6un2P5Ca+vK8kiHmE70CHB4gqGanGlwo6zS81IHHA1Jaw29KOZ6BayDkU0IhpMP0GI1Frg=="],

    "@oxc-resolver/binding-darwin-x64": ["@oxc-resolver/binding-darwin-x64@8.0.0", "", { "os": "darwin", "cpu": "x64" }, "sha512-RaeGUGem8xg12zJRw+hwozuTqGeMDw5+JsS+joe20lJrIsXJINFz1HJVhsK1BYc5CGUiOW6oqMEwgIYxkIgaPA=="],

    "@oxc-resolver/binding-freebsd-x64": ["@oxc-resolver/binding-freebsd-x64@8.0.0", "", { "os": "freebsd", "cpu": "x64" }, "sha512-LTTh5OgJvkhJInkgAwKuM7rBNjXFIQQSRc213hDGHTkTlYwWiV8Z3qVCzsOEECLs5Rr5NgaUIRuK3FBNglvGoA=="],

    "@oxc-resolver/binding-linux-arm-gnueabihf": ["@oxc-resolver/binding-linux-arm-gnueabihf@8.0.0", "", { "os": "linux", "cpu": "arm" }, "sha512-nwBhaGbh4Izc0/fMuG9F2vbKU0CDLBpl5bd6mqq8MFQy3bapmG4E+4MHiUpSjHNIzKicYcjdlD8MVXj116vrrg=="],

    "@oxc-resolver/binding-linux-arm64-gnu": ["@oxc-resolver/binding-linux-arm64-gnu@8.0.0", "", { "os": "linux", "cpu": "arm64" }, "sha512-a8TVuLSWt79NK7Svz/I1COCoJxAaFW8LxbuhBoIkTJMiqR1cI0ZRwBlk9jArsvgyW93+z2OyOTXeh+qUtEE+PA=="],

    "@oxc-resolver/binding-linux-arm64-musl": ["@oxc-resolver/binding-linux-arm64-musl@8.0.0", "", { "os": "linux", "cpu": "arm64" }, "sha512-Qitm6+dvYVpdiZxO4ICPXbFuBIvW9h5JxHt6zV2wlDtU2fGVn4zAQBPA43eFEvTQh4T3iemeWqqSQ7DYfFZjpw=="],

    "@oxc-resolver/binding-linux-riscv64-gnu": ["@oxc-resolver/binding-linux-riscv64-gnu@8.0.0", "", { "os": "linux", "cpu": "none" }, "sha512-RU26a4fKom41ZfnU9AsfvA199F6dcxKxeQL/fMG/61q7E50AUk/JLPegR+P0OM69GCkBmcBBaVluzfhE4cYs9w=="],

    "@oxc-resolver/binding-linux-s390x-gnu": ["@oxc-resolver/binding-linux-s390x-gnu@8.0.0", "", { "os": "linux", "cpu": "s390x" }, "sha512-jV81rg2jh5a1TK1M8acDwaRnCFbMkJn3iiGVESzRAKZ4tTuVYTPkMtdgAQvummO1naUE2LRZxh8dA4v+gOkdYQ=="],

    "@oxc-resolver/binding-linux-x64-gnu": ["@oxc-resolver/binding-linux-x64-gnu@8.0.0", "", { "os": "linux", "cpu": "x64" }, "sha512-Dv1kxSarwtUD90EW8yQDLX4vSZme7CgMcf19PYYBMRujF5D96GOL76w53kblGHsJ+E3CRSvCXoRvsoPIi1MhDg=="],

    "@oxc-resolver/binding-linux-x64-musl": ["@oxc-resolver/binding-linux-x64-musl@8.0.0", "", { "os": "linux", "cpu": "x64" }, "sha512-mLT1udjMfYKIoLgmvGWHingJn4bR9Yt9SodGpaKnFFCMs01timy4avmSyj75JDoyCnDiAmkAfBS1etlcz9XX8A=="],

    "@oxc-resolver/binding-wasm32-wasi": ["@oxc-resolver/binding-wasm32-wasi@8.0.0", "", { "dependencies": { "@napi-rs/wasm-runtime": "^0.2.9" }, "cpu": "none" }, "sha512-XRlYXYdNyZ4GEBfmrkXimBp2q5KuhccrQKq2epFe6Wif/5gx2TDItFtYSkEezrxMq6jdAIgEj6R5PjUNzqQxtQ=="],

    "@oxc-resolver/binding-win32-arm64-msvc": ["@oxc-resolver/binding-win32-arm64-msvc@8.0.0", "", { "os": "win32", "cpu": "arm64" }, "sha512-ZFWMIKI6fn/LLZtX3TsivSuQ4LkBIBfMRNpH3zImDi43S4hAsxzfK9uVjWUeaI4+22TbqIIP363ILgfKzhZ9Lg=="],

    "@oxc-resolver/binding-win32-x64-msvc": ["@oxc-resolver/binding-win32-x64-msvc@8.0.0", "", { "os": "win32", "cpu": "x64" }, "sha512-gbDIXWHtgfQUlCFUh7e7j8hhvtYNGSy9qOwGzJXBgWSCLuHmH2B5PRc4i2UJbYChSGD2H+4A38JnJxLb2/rs6w=="],

    "@oxc-transform/binding-darwin-arm64": ["@oxc-transform/binding-darwin-arm64@0.67.0", "", { "os": "darwin", "cpu": "arm64" }, "sha512-P3zBMhpOQceNSys3/ZqvrjuRvcIbVzfGFN/tH34HlVkOjOmfGK1mOWjORsGAZtbgh1muXrF6mQETLzFjfYndXQ=="],

    "@oxc-transform/binding-darwin-x64": ["@oxc-transform/binding-darwin-x64@0.67.0", "", { "os": "darwin", "cpu": "x64" }, "sha512-B52aeo/C3spYHcwFQ4nAbDkwbMKf0K6ncWM8GrVUgGu8PPECLBhjPCW11kPW/lt9FxwrdgVYVzPYlZ6wmJmpEA=="],

    "@oxc-transform/binding-linux-arm-gnueabihf": ["@oxc-transform/binding-linux-arm-gnueabihf@0.67.0", "", { "os": "linux", "cpu": "arm" }, "sha512-5Ir1eQrC9lvj/rR1TJVGwOR4yLgXTLmfKHIfpVH7GGSQrzK7VMUfHWX+dAsX1VutaeE8puXIqtYvf9cHLw78dw=="],

    "@oxc-transform/binding-linux-arm64-gnu": ["@oxc-transform/binding-linux-arm64-gnu@0.67.0", "", { "os": "linux", "cpu": "arm64" }, "sha512-zTqfPET5+hZfJ3/dMqJboKxrpXMXk+j2HVdvX0wVhW2MI7n7hwELl+In6Yu20nXuEyJkNQlWHbNPCUfpM+cBWw=="],

    "@oxc-transform/binding-linux-arm64-musl": ["@oxc-transform/binding-linux-arm64-musl@0.67.0", "", { "os": "linux", "cpu": "arm64" }, "sha512-jzz/ATUhZ8wetb4gm5GwzheZns3Qj1CZ+DIMmD8nBxQXszmTS/fqnAPpgzruyLqkXBUuUfF3pHv5f/UmuHReuQ=="],

    "@oxc-transform/binding-linux-x64-gnu": ["@oxc-transform/binding-linux-x64-gnu@0.67.0", "", { "os": "linux", "cpu": "x64" }, "sha512-Qy2+tfglJ8yX6guC1EDAnuuzRZIXciXO9UwOewxyiahLxwuTpj/wvvZN3Cb1SA3c14zrwb2TNMZvaXS1/OS5Pg=="],

    "@oxc-transform/binding-linux-x64-musl": ["@oxc-transform/binding-linux-x64-musl@0.67.0", "", { "os": "linux", "cpu": "x64" }, "sha512-tHoYgDIRhgvh+/wIrzAk3cUoj/LSSoJAdsZW9XRlaixFW/TF2puxRyaS1hRco0bcKTwotXl/eDYqZmhIfUyGRQ=="],

    "@oxc-transform/binding-wasm32-wasi": ["@oxc-transform/binding-wasm32-wasi@0.67.0", "", { "dependencies": { "@napi-rs/wasm-runtime": "^0.2.9" }, "cpu": "none" }, "sha512-ZPT+1HECf7WUnotodIuS8tvSkwaiCdC2DDw8HVRmlerbS6iPYIPKyBCvkSM4RyUx0kljZtB9AciLCkEbwy5/zA=="],

    "@oxc-transform/binding-win32-arm64-msvc": ["@oxc-transform/binding-win32-arm64-msvc@0.67.0", "", { "os": "win32", "cpu": "arm64" }, "sha512-+E3lOHCk4EuIk6IjshBAARknAUpgH+gHTtZxCPqK4AWYA+Tls2J6C0FVM48uZ4m3rZpAq8ZszM9JZVAkOaynBQ=="],

    "@oxc-transform/binding-win32-x64-msvc": ["@oxc-transform/binding-win32-x64-msvc@0.67.0", "", { "os": "win32", "cpu": "x64" }, "sha512-3pIIFb9g5aFrAODTQVJYitq+ONHgDJ4IYk/7pk+jsG6JpKUkURd0auUlxvriO11fFit5hdwy+wIbU4kBvyRUkg=="],

    "@tybys/wasm-util": ["@tybys/wasm-util@0.9.0", "", { "dependencies": { "tslib": "^2.4.0" } }, "sha512-6+7nlbMVX/PVDCwaIQ8nTOPveOcFLSt8GcXdx8hD0bt39uWxYT88uXzqTd4fTvqta7oeUJqudepapKNt2DYJFw=="],

    "@types/bun": ["@types/bun@1.2.18", "", { "dependencies": { "bun-types": "1.2.18" } }, "sha512-Xf6RaWVheyemaThV0kUfaAUvCNokFr+bH8Jxp+tTZfx7dAPA8z9ePnP9S9+Vspzuxxx9JRAXhnyccRj3GyCMdQ=="],

    "@types/node": ["@types/node@24.0.10", "", { "dependencies": { "undici-types": "~7.8.0" } }, "sha512-ENHwaH+JIRTDIEEbDK6QSQntAYGtbvdDXnMXnZaZ6k13Du1dPMmprkEHIL7ok2Wl2aZevetwTAb5S+7yIF+enA=="],

    "@types/react": ["@types/react@19.1.8", "", { "dependencies": { "csstype": "^3.0.2" } }, "sha512-AwAfQ2Wa5bCx9WP8nZL2uMZWod7J7/JSplxbTmBQ5ms6QpqNYm672H0Vu9ZVKVngQ+ii4R/byguVEUZQyeg44g=="],

    "base64-js": ["base64-js@1.5.1", "", {}, "sha512-AKpaYlHn8t4SVbOHCy+b5+KKgvR4vrsD8vbvrbiQJps7fKDTkjkDry6ji0rUJjC0kzbNePLwzxq8iypo41qeWA=="],

    "bl": ["bl@4.1.0", "", { "dependencies": { "buffer": "^5.5.0", "inherits": "^2.0.4", "readable-stream": "^3.4.0" } }, "sha512-1W07cM9gS6DcLperZfFSj+bWLtaPGSOHWhPiGzXmvVJbRLdG82sH/Kn8EtW1VqWVA54AKf2h5k5BbnIbwF3h6w=="],

    "buffer": ["buffer@5.7.1", "", { "dependencies": { "base64-js": "^1.3.1", "ieee754": "^1.1.13" } }, "sha512-EHcyIPBQ4BSGlvjB16k5KgAJ27CIsHY/2JBmCRReo48y9rQ3MaUzWX3KVlBa4U7MyX02HdVj0K7C3WaB3ju7FQ=="],

    "bun-dts": ["bun-dts@0.1.70", "", { "dependencies": { "@babel/parser": "^7.27.5", "@babel/types": "^7.27.3", "coffi": "^0.1.31", "oxc-resolver": "^8.0.0", "oxc-transform": "^0.67.0", "picocolors": "^1.1.1", "std-env": "^3.9.0", "ts-import-resolver": "^0.1.22" }, "peerDependencies": { "typescript": ">=4.5.0" }, "optionalPeers": ["typescript"] }, "sha512-Amyk7h6E9SRqwBu/sQChth8c9Q7KelBBHbu/BrD4n2QfJuoYZRR1JTjHJ736amCOkGLJZsHTvL4I6LbaCzuo1Q=="],

    "bun-types": ["bun-types@1.2.18", "", { "dependencies": { "@types/node": "*" }, "peerDependencies": { "@types/react": "^19" } }, "sha512-04+Eha5NP7Z0A9YgDAzMk5PHR16ZuLVa83b26kH5+cp1qZW4F6FmAURngE7INf4tKOvCE69vYvDEwoNl1tGiWw=="],

    "chownr": ["chownr@1.1.4", "", {}, "sha512-jJ0bqzaylmJtVnNgzTeSOs8DPavpbYgEr/b0YL8/2GO3xJEhInFmhKMUnEJQjZumK7KXGFhUy89PrsJWlakBVg=="],

    "coffi": ["coffi@0.1.31", "", { "dependencies": { "strip-json-comments": "^5.0.1" } }, "sha512-P+VkRnJpZV2kTwUihHR3EFzx+ij19a9HeJgWQyAX8TjH1byKbMIpFlMawZOJauMq5CNb1zkVleOh8oaoRNQrvQ=="],

    "csstype": ["csstype@3.1.3", "", {}, "sha512-M1uQkMl8rQK/szD0LNhtqxIPLpimGm8sOBwU7lLnCpSbTyY3yeU1Vc7l4KT5zT4s/yOxHH5O7tIuuLOCnLADRw=="],

    "end-of-stream": ["end-of-stream@1.4.5", "", { "dependencies": { "once": "^1.4.0" } }, "sha512-ooEGc6HP26xXq/N+GCGOT0JKCLDGrq2bQUZrQ7gyrJiZANJ/8YDTxTpQBXGMn+WbIQXNVpyWymm7KYVICQnyOg=="],

    "fs-constants": ["fs-constants@1.0.0", "", {}, "sha512-y6OAwoSIf7FyjMIv94u+b5rdheZEjzR63GTyZJm5qh4Bi+2YgwLCcI/fPFZkL5PSixOt6ZNKm+w+Hfp/Bciwow=="],

    "ieee754": ["ieee754@1.2.1", "", {}, "sha512-dcyqhDvX1C46lXZcVqCpK+FtMRQVdIMN6/Df5js2zouUsqG7I6sFxitIC+7KYK29KdXOLHdu9zL4sFnoVQnqaA=="],

    "inherits": ["inherits@2.0.4", "", {}, "sha512-k/vGaX4/Yla3WzyMCvTQOXYeIHvqOKtnqBduzTHpzpQZzAskKMhZ2K+EnBiSM9zGSoIFeMpXKxa4dYeZIQqewQ=="],

    "minimist": ["minimist@1.2.8", "", {}, "sha512-2yyAR8qBkN3YuheJanUpWC5U3bb5osDywNB8RzDVlDwDHbocAJveqqj1u8+SVD7jkWT4yvsHCpWqqWqAxb0zCA=="],

    "mkdirp-classic": ["mkdirp-classic@0.5.3", "", {}, "sha512-gKLcREMhtuZRwRAfqP3RFW+TK4JqApVBtOIftVgjuABpAtpxhPGaDcfvbhNvD0B8iD1oUr/txX35NjcaY6Ns/A=="],

    "node-abi": ["node-abi@3.75.0", "", { "dependencies": { "semver": "^7.3.5" } }, "sha512-OhYaY5sDsIka7H7AtijtI9jwGYLyl29eQn/W623DiN/MIv5sUqc4g7BIDThX+gb7di9f6xK02nkp8sdfFWZLTg=="],

    "node-addon-api": ["node-addon-api@4.3.0", "", {}, "sha512-73sE9+3UaLYYFmDsFZnqCInzPyh3MqIwZO9cw58yIqAZhONrrabrYyYe3TuIqtIiOuTXVhsGau8hcrhhwSsDIQ=="],

    "npm-run-path": ["npm-run-path@3.1.0", "", { "dependencies": { "path-key": "^3.0.0" } }, "sha512-Dbl4A/VfiVGLgQv29URL9xshU8XDY1GeLy+fsaZ1AA8JDSfjvr5P5+pzRbWqRSBxk6/DW7MIh8lTM/PaGnP2kg=="],

    "once": ["once@1.4.0", "", { "dependencies": { "wrappy": "1" } }, "sha512-lNaJgI+2Q5URQBkccEKHTQOPaXdUxnZZElQTZY0MFUAuaEqe1E+Nyvgdz/aIyNi6Z9MzO5dv1H8n58/GELp3+w=="],

    "oxc-resolver": ["oxc-resolver@8.0.0", "", { "optionalDependencies": { "@oxc-resolver/binding-darwin-arm64": "8.0.0", "@oxc-resolver/binding-darwin-x64": "8.0.0", "@oxc-resolver/binding-freebsd-x64": "8.0.0", "@oxc-resolver/binding-linux-arm-gnueabihf": "8.0.0", "@oxc-resolver/binding-linux-arm64-gnu": "8.0.0", "@oxc-resolver/binding-linux-arm64-musl": "8.0.0", "@oxc-resolver/binding-linux-riscv64-gnu": "8.0.0", "@oxc-resolver/binding-linux-s390x-gnu": "8.0.0", "@oxc-resolver/binding-linux-x64-gnu": "8.0.0", "@oxc-resolver/binding-linux-x64-musl": "8.0.0", "@oxc-resolver/binding-wasm32-wasi": "8.0.0", "@oxc-resolver/binding-win32-arm64-msvc": "8.0.0", "@oxc-resolver/binding-win32-x64-msvc": "8.0.0" } }, "sha512-qY7JxZ9FPL1n4hcLi5y8JVKVLRUbFLw9PZ0zsK/xdIHJpJOu4DLEGXepyNjPtnTY+WDAj75LR+JjbDHj0sqlBA=="],

    "oxc-transform": ["oxc-transform@0.67.0", "", { "optionalDependencies": { "@oxc-transform/binding-darwin-arm64": "0.67.0", "@oxc-transform/binding-darwin-x64": "0.67.0", "@oxc-transform/binding-linux-arm-gnueabihf": "0.67.0", "@oxc-transform/binding-linux-arm64-gnu": "0.67.0", "@oxc-transform/binding-linux-arm64-musl": "0.67.0", "@oxc-transform/binding-linux-x64-gnu": "0.67.0", "@oxc-transform/binding-linux-x64-musl": "0.67.0", "@oxc-transform/binding-wasm32-wasi": "0.67.0", "@oxc-transform/binding-win32-arm64-msvc": "0.67.0", "@oxc-transform/binding-win32-x64-msvc": "0.67.0" } }, "sha512-QXwmpLfNrXZoHgIjEtDEf6lhwmvHouNtstNgg/UveczVIjo8VSzd5h25Ea96PoX9KzReJUY/qYa4QSNkJpZGfA=="],

    "path-key": ["path-key@3.1.1", "", {}, "sha512-ojmeN0qd+y0jszEtoY48r0Peq5dwMEkIlCOu6Q5f41lfkswXuKtYrhgoTpLnyIcHm24Uhqx+5Tqm2InSwLhE6Q=="],

    "picocolors": ["picocolors@1.1.1", "", {}, "sha512-xceH2snhtb5M9liqDsmEw56le376mTZkEX/jEb/RxNFyegNul7eNslCXP9FDj/Lcu0X8KEyMceP2ntpaHrDEVA=="],

    "prebuildify": ["prebuildify@6.0.1", "", { "dependencies": { "minimist": "^1.2.5", "mkdirp-classic": "^0.5.3", "node-abi": "^3.3.0", "npm-run-path": "^3.1.0", "pump": "^3.0.0", "tar-fs": "^2.1.0" }, "bin": "bin.js" }, "sha512-8Y2oOOateom/s8dNBsGIcnm6AxPmLH4/nanQzL5lQMU+sC0CMhzARZHizwr36pUPLdvBnOkCNQzxg4djuFSgIw=="],

    "pump": ["pump@3.0.3", "", { "dependencies": { "end-of-stream": "^1.1.0", "once": "^1.3.1" } }, "sha512-todwxLMY7/heScKmntwQG8CXVkWUOdYxIvY2s0VWAAMh/nd8SoYiRaKjlr7+iCs984f2P8zvrfWcDDYVb73NfA=="],

    "readable-stream": ["readable-stream@3.6.2", "", { "dependencies": { "inherits": "^2.0.3", "string_decoder": "^1.1.1", "util-deprecate": "^1.0.1" } }, "sha512-9u/sniCrY3D5WdsERHzHE4G2YCXqoG5FTHUiCC4SIbr6XcLZBY05ya9EKjYek9O5xOAwjGq+1JdGBAS7Q9ScoA=="],

    "safe-buffer": ["safe-buffer@5.2.1", "", {}, "sha512-rp3So07KcdmmKbGvgaNxQSJr7bGVSVk5S9Eq1F+ppbRo70+YeaDxkw5Dd8NPN+GD6bjnYm2VuPuCXmpuYvmCXQ=="],

    "semver": ["semver@7.7.2", "", { "bin": "bin/semver.js" }, "sha512-RF0Fw+rO5AMf9MAyaRXI4AV0Ulj5lMHqVxxdSgiVbixSCXoEmmX/jk0CuJw4+3SqroYO9VoUh+HcuJivvtJemA=="],

    "std-env": ["std-env@3.9.0", "", {}, "sha512-UGvjygr6F6tpH7o2qyqR6QYpwraIjKSdtzyBdyytFOHmPZY917kwdwLG0RbOjWOnKmnm3PeHjaoLLMie7kPLQw=="],

    "string_decoder": ["string_decoder@1.3.0", "", { "dependencies": { "safe-buffer": "~5.2.0" } }, "sha512-hkRX8U1WjJFd8LsDJ2yQ/wWWxaopEsABU1XfkM8A+j0+85JAGppt16cr1Whg6KIbb4okU6Mql6BOj+uup/wKeA=="],

    "strip-json-comments": ["strip-json-comments@5.0.2", "", {}, "sha512-4X2FR3UwhNUE9G49aIsJW5hRRR3GXGTBTZRMfv568O60ojM8HcWjV/VxAxCDW3SUND33O6ZY66ZuRcdkj73q2g=="],

    "tar-fs": ["tar-fs@2.1.3", "", { "dependencies": { "chownr": "^1.1.1", "mkdirp-classic": "^0.5.2", "pump": "^3.0.0", "tar-stream": "^2.1.4" } }, "sha512-090nwYJDmlhwFwEW3QQl+vaNnxsO2yVsd45eTKRBzSzu+hlb1w2K9inVq5b0ngXuLVqQ4ApvsUHHnu/zQNkWAg=="],

    "tar-stream": ["tar-stream@2.2.0", "", { "dependencies": { "bl": "^4.0.3", "end-of-stream": "^1.4.1", "fs-constants": "^1.0.0", "inherits": "^2.0.3", "readable-stream": "^3.1.1" } }, "sha512-ujeqbceABgwMZxEJnk2HDY2DlnUZ+9oEcb1KzTVfYHio0UE6dG71n60d8D2I4qNvleWrrXpmjpt7vZeF1LnMZQ=="],

    "ts-import-resolver": ["ts-import-resolver@0.1.22", "", { "peerDependencies": { "typescript": ">=4.5.0" }, "optionalPeers": ["typescript"] }, "sha512-iM3sd6zpCGmymC5E2yXKv3rZfdoDLT6j0/4TcyCN8RKlKPAWUFWA4YZ5AK/F3OrA8hh5PC3M/rr5A/utHTCYCQ=="],

    "tslib": ["tslib@2.8.1", "", {}, "sha512-oJFu94HQb+KVduSUQL7wnpmqnfmLsOA/nAh6b6EH0wCEoK0/mPeXU6c3wKDV83MkOuHPRHtSXKKU99IBazS/2w=="],

    "typescript": ["typescript@4.9.5", "", { "bin": { "tsc": "bin/tsc", "tsserver": "bin/tsserver" } }, "sha512-1FXk9E2Hm+QzZQ7z+McJiHL4NW1F2EzMu9Nq9i3zAaGqibafqYwCVU6WyWAuyQRRzOlxou8xZSyXLEN8oKj24g=="],

    "undici-types": ["undici-types@7.8.0", "", {}, "sha512-9UJ2xGDvQ43tYyVMpuHlsgApydB8ZKfVYTsLDhXkFL/6gfkp+U8xTGdh8pMJv1SpZna0zxG1DwsKZsreLbXBxw=="],

    "util-deprecate": ["util-deprecate@1.0.2", "", {}, "sha512-EPD5q1uXyFxJpCrLnCc1nHnq3gOa6DZBocAIiI2TaSCA7VCJ1UJDMagCzIkXNsUYfD1daK//LTEQ8xiIbrHtcw=="],

    "wrappy": ["wrappy@1.0.2", "", {}, "sha512-l4Sp/DRseor9wL6EvV2+TuQn63dMkPjZ/sp9XkghTEbV9KlPS1xUsZ3u7/IQO4wxtcFB4bgpQPRcR3QCvezPcQ=="],
  }
}
