{
  "lockfileVersion": 1,
  "workspaces": {
    "": {
      "name": "demo-package",
      "dependencies": {
        "@your-scope/native-code": "file:../native-code/dist/",
      },
      "devDependencies": {
        "@types/node": "^24.0.10",
      },
    },
  },
  "packages": {
    "@types/node": ["@types/node@24.0.10", "", { "dependencies": { "undici-types": "~7.8.0" } }, "sha512-ENHwaH+JIRTDIEEbDK6QSQntAYGtbvdDXnMXnZaZ6k13Du1dPMmprkEHIL7ok2Wl2aZevetwTAb5S+7yIF+enA=="],

    "@your-scope/native-code": ["@your-scope/native-code@file:../native-code/dist", {}],

    "undici-types": ["undici-types@7.8.0", "", {}, "sha512-9UJ2xGDvQ43tYyVMpuHlsgApydB8ZKfVYTsLDhXkFL/6gfkp+U8xTGdh8pMJv1SpZna0zxG1DwsKZsreLbXBxw=="],
  }
}
